
Microsoft Visual Studio Solution File, Format Version 12.00
# Visual Studio Version 16
VisualStudioVersion = 16.0.31019.35
MinimumVisualStudioVersion = 10.0.40219.1
Project("{9A19103F-16F7-4668-BE54-9A1E7A4F7556}") = "IndianStateConsusAnalyser", "IndianStateConsusAnalyser.csproj", "{C2B6BB96-8C8E-4048-A490-6C15C192C41F}"
EndProject
Project("{9A19103F-16F7-4668-BE54-9A1E7A4F7556}") = "CensualAnalyserTest", "..\CensualAnalyserTest\CensualAnalyserTest.csproj", "{5DEC2C8C-8CC2-4616-882E-854A6D376BC9}"
EndProject
Project("{FAE04EC0-301F-11D3-BF4B-00C04F79EFBC}") = "UC2_IndianConsusAnalyser", "..\UC2_IndianConsusAnalyser\UC2_IndianConsusAnalyser.csproj", "{42D8EF0C-9DFA-4698-9070-951799902B12}"
EndProject
Global
	GlobalSection(SolutionConfigurationPlatforms) = preSolution
		Debug|Any CPU = Debug|Any CPU
		Release|Any CPU = Release|Any CPU
	EndGlobalSection
	GlobalSection(ProjectConfigurationPlatforms) = postSolution
		{C2B6BB96-8C8E-4048-A490-6C15C192C41F}.Debug|Any CPU.ActiveCfg = Debug|Any CPU
		{C2B6BB96-8C8E-4048-A490-6C15C192C41F}.Debug|Any CPU.Build.0 = Debug|Any CPU
		{C2B6BB96-8C8E-4048-A490-6C15C192C41F}.Release|Any CPU.ActiveCfg = Release|Any CPU
		{C2B6BB96-8C8E-4048-A490-6C15C192C41F}.Release|Any CPU.Build.0 = Release|Any CPU
		{5DEC2C8C-8CC2-4616-882E-854A6D376BC9}.Debug|Any CPU.ActiveCfg = Debug|Any CPU
		{5DEC2C8C-8CC2-4616-882E-854A6D376BC9}.Debug|Any CPU.Build.0 = Debug|Any CPU
		{5DEC2C8C-8CC2-4616-882E-854A6D376BC9}.Release|Any CPU.ActiveCfg = Release|Any CPU
		{5DEC2C8C-8CC2-4616-882E-854A6D376BC9}.Release|Any CPU.Build.0 = Release|Any CPU
		{42D8EF0C-9DFA-4698-9070-951799902B12}.Debug|Any CPU.ActiveCfg = Debug|Any CPU
		{42D8EF0C-9DFA-4698-9070-951799902B12}.Debug|Any CPU.Build.0 = Debug|Any CPU
		{42D8EF0C-9DFA-4698-9070-951799902B12}.Release|Any CPU.ActiveCfg = Release|Any CPU
		{42D8EF0C-9DFA-4698-9070-951799902B12}.Release|Any CPU.Build.0 = Release|Any CPU
	EndGlobalSection
	GlobalSection(SolutionProperties) = preSolution
		HideSolutionNode = FALSE
	EndGlobalSection
	GlobalSection(ExtensibilityGlobals) = postSolution
		SolutionGuid = {BDD20BD4-F864-481C-BA34-861D013CA7BC}
	EndGlobalSection
EndGlobal
